<Solution>
  <Folder Name="/src/" />
  <Folder Name="/src/BuildingBlocks/" />
  <Folder Name="/src/BuildingBlocks/Abstractions/" />
  <Folder Name="/src/BuildingBlocks/Infrastructure/" />
  <Folder Name="/src/Modules/" />
  <Folder Name="/src/Modules/Catalog/" />
  <Folder Name="/src/Modules/Catalog/Application/">
    <Project Path="src/Modules/Catalog/Application/MyOnlineShop.Catalog.Application.csproj" />
  </Folder>
  <Folder Name="/src/Modules/Catalog/Contracts/">
    <Project Path="src/Modules/Catalog/Contracts/MyOnlineShop.Catalog.Contracts.csproj" />
  </Folder>
  <Folder Name="/src/Modules/Catalog/Domain/">
    <Project Path="src/Modules/Catalog/Domain/MyOnlineShop.Catalog.Domain.csproj" />
  </Folder>
  <Folder Name="/src/Modules/Catalog/Infrastructure/">
    <Project Path="src/Modules/Catalog/Infrastructure/MyOnlineShop.Catalog.Infrastructure.csproj" />
  </Folder>
  <Folder Name="/src/Modules/Catalog/Presentation/">
    <Project Path="src/Modules/Catalog/Presentation/MyOnlineShop.Catalog.Presentation.csproj" />
  </Folder>
  <Folder Name="/src/Modules/Identity/" />
  <Folder Name="/src/Modules/Identity/Application/">
    <Project Path="src/Modules/Identity/Application/MyOnlineShop.Identity.Application.csproj" />
  </Folder>
  <Folder Name="/src/Modules/Identity/Contracts/">
    <Project Path="src/Modules/Identity/Contracts/MyOnlineShop.Identity.Contracts.csproj" />
  </Folder>
  <Folder Name="/src/Modules/Identity/Domain/">
    <Project Path="src/Modules/Identity/Domain/MyOnlineShop.Identity.Domain.csproj" />
  </Folder>
  <Folder Name="/src/Modules/Identity/Infrastructure/">
    <Project Path="src/Modules/Identity/Infrastructure/MyOnlineShop.Identity.Infrastructure.csproj" />
  </Folder>
  <Folder Name="/src/Modules/Identity/Presentation/">
    <Project Path="src/Modules/Identity/Presentation/MyOnlineShop.Identity.Presentation.csproj" />
  </Folder>
  <Folder Name="/tests/">
    <Project Path="tests/MyOnlineShop.Catalog.Tests/MyOnlineShop.Catalog.Tests.csproj" />
    <Project Path="tests/MyOnlineShop.Foundation.Tests/MyOnlineShop.Foundation.Tests.csproj" />
    <Project Path="tests/MyOnlineShop.Identity.Tests/MyOnlineShop.Identity.Tests.csproj" />
  </Folder>
  <Project Path="MyOnlineShop/MyOnlineShop.csproj" />
  <Folder Name="/BuildingBlocks/">
    <Project Path="src/BuildingBlocks/Abstractions/MyOnlineShop.BuildingBlocks.Abstractions.csproj" />
    <Project Path="src/BuildingBlocks/Infrastructure/MyOnlineShop.BuildingBlocks.Infrastructure.csproj" />
  </Folder>
</Solution>
 
