<Solution>
  <Folder Name="/src/" />
  <Folder Name="/src/BuildingBlocks/" />
  <Folder Name="/src/BuildingBlocks/Abstractions/" />
  <Folder Name="/src/BuildingBlocks/Infrastructure/" />
  <Folder Name="/src/Modules/" />
  <Folder Name="/src/Modules/Cart/" />
  <Folder Name="/src/Modules/Cart/Application/">
    <Project Path="src/Modules/Cart/Application/MyOnlineShop.Cart.Application.csproj" />
  </Folder>
  <Folder Name="/src/Modules/Cart/Contracts/">
    <Project Path="src/Modules/Cart/Contracts/MyOnlineShop.Cart.Contracts.csproj" />
  </Folder>
  <Folder Name="/src/Modules/Cart/Domain/">
    <Project Path="src/Modules/Cart/Domain/MyOnlineShop.Cart.Domain.csproj" />
  </Folder>
  <Folder Name="/src/Modules/Cart/Infrastructure/">
    <Project Path="src/Modules/Cart/Infrastructure/MyOnlineShop.Cart.Infrastructure.csproj" />
  </Folder>
  <Folder Name="/src/Modules/Cart/Presentation/">
    <Project Path="src/Modules/Cart/Presentation/MyOnlineShop.Cart.Presentation.csproj" />
  </Folder>
  <Folder Name="/src/Modules/Catalog/" />
  <Folder Name="/src/Modules/Catalog/Application/">
    <Project Path="src/Modules/Catalog/Application/MyOnlineShop.Catalog.Application.csproj" />
  </Folder>
  <Folder Name="/src/Modules/Catalog/Contracts/">
    <Project Path="src/Modules/Catalog/Contracts/MyOnlineShop.Catalog.Contracts.csproj" />
  </Folder>
  <Folder Name="/src/Modules/Catalog/Domain/">
    <Project Path="src/Modules/Catalog/Domain/MyOnlineShop.Catalog.Domain.csproj" />
  </Folder>
  <Folder Name="/src/Modules/Catalog/Infrastructure/">
    <Project Path="src/Modules/Catalog/Infrastructure/MyOnlineShop.Catalog.Infrastructure.csproj" />
  </Folder>
  <Folder Name="/src/Modules/Catalog/Presentation/">
    <Project Path="src/Modules/Catalog/Presentation/MyOnlineShop.Catalog.Presentation.csproj" />
  </Folder>
  <Folder Name="/src/Modules/Discount/" />
  <Folder Name="/src/Modules/Discount/Application/">
    <Project Path="src/Modules/Discount/Application/MyOnlineShop.Discount.Application.csproj" />
  </Folder>
  <Folder Name="/src/Modules/Discount/Contracts/">
    <Project Path="src/Modules/Discount/Contracts/MyOnlineShop.Discount.Contracts.csproj" />
  </Folder>
  <Folder Name="/src/Modules/Discount/Domain/">
    <Project Path="src/Modules/Discount/Domain/MyOnlineShop.Discount.Domain.csproj" />
  </Folder>
  <Folder Name="/src/Modules/Discount/Infrastructure/">
    <Project Path="src/Modules/Discount/Infrastructure/MyOnlineShop.Discount.Infrastructure.csproj" />
  </Folder>
  <Folder Name="/src/Modules/Discount/Presentation/">
    <Project Path="src/Modules/Discount/Presentation/MyOnlineShop.Discount.Presentation.csproj" />
  </Folder>
  <Folder Name="/src/Modules/Identity/" />
  <Folder Name="/src/Modules/Identity/Application/">
    <Project Path="src/Modules/Identity/Application/MyOnlineShop.Identity.Application.csproj" />
  </Folder>
  <Folder Name="/src/Modules/Identity/Contracts/">
    <Project Path="src/Modules/Identity/Contracts/MyOnlineShop.Identity.Contracts.csproj" />
  </Folder>
  <Folder Name="/src/Modules/Identity/Domain/">
    <Project Path="src/Modules/Identity/Domain/MyOnlineShop.Identity.Domain.csproj" />
  </Folder>
  <Folder Name="/src/Modules/Identity/Infrastructure/">
    <Project Path="src/Modules/Identity/Infrastructure/MyOnlineShop.Identity.Infrastructure.csproj" />
  </Folder>
  <Folder Name="/src/Modules/Identity/Presentation/">
    <Project Path="src/Modules/Identity/Presentation/MyOnlineShop.Identity.Presentation.csproj" />
  </Folder>
  <Folder Name="/src/Modules/Inventory/" />
  <Folder Name="/src/Modules/Inventory/Application/">
    <Project Path="src/Modules/Inventory/Application/MyOnlineShop.Inventory.Application.csproj" />
  </Folder>
  <Folder Name="/src/Modules/Inventory/Contracts/">
    <Project Path="src/Modules/Inventory/Contracts/MyOnlineShop.Inventory.Contracts.csproj" />
  </Folder>
  <Folder Name="/src/Modules/Inventory/Domain/">
    <Project Path="src/Modules/Inventory/Domain/MyOnlineShop.Inventory.Domain.csproj" />
  </Folder>
  <Folder Name="/src/Modules/Inventory/Infrastructure/">
    <Project Path="src/Modules/Inventory/Infrastructure/MyOnlineShop.Inventory.Infrastructure.csproj" />
  </Folder>
  <Folder Name="/src/Modules/Inventory/Presentation/">
    <Project Path="src/Modules/Inventory/Presentation/MyOnlineShop.Inventory.Presentation.csproj" />
  </Folder>
  <Folder Name="/src/Modules/Pricing/" />
  <Folder Name="/src/Modules/Pricing/Application/">
    <Project Path="src/Modules/Pricing/Application/MyOnlineShop.Pricing.Application.csproj" />
  </Folder>
  <Folder Name="/src/Modules/Pricing/Contracts/">
    <Project Path="src/Modules/Pricing/Contracts/MyOnlineShop.Pricing.Contracts.csproj" />
  </Folder>
  <Folder Name="/src/Modules/Pricing/Domain/">
    <Project Path="src/Modules/Pricing/Domain/MyOnlineShop.Pricing.Domain.csproj" />
  </Folder>
  <Folder Name="/src/Modules/Pricing/Infrastructure/">
    <Project Path="src/Modules/Pricing/Infrastructure/MyOnlineShop.Pricing.Infrastructure.csproj" />
  </Folder>
  <Folder Name="/src/Modules/Pricing/Presentation/">
    <Project Path="src/Modules/Pricing/Presentation/MyOnlineShop.Pricing.Presentation.csproj" />
  </Folder>
  <Folder Name="/tests/">
    <Project Path="tests/MyOnlineShop.Cart.Tests/MyOnlineShop.Cart.Tests.csproj" />
    <Project Path="tests/MyOnlineShop.Catalog.Tests/MyOnlineShop.Catalog.Tests.csproj" />
    <Project Path="tests/MyOnlineShop.Foundation.Tests/MyOnlineShop.Foundation.Tests.csproj" />
    <Project Path="tests/MyOnlineShop.Identity.Tests/MyOnlineShop.Identity.Tests.csproj" />
    <Project Path="tests/MyOnlineShop.Inventory.Tests/MyOnlineShop.Inventory.Tests.csproj" />
    <Project Path="tests/MyOnlineShop.PricingDiscount.Tests/MyOnlineShop.PricingDiscount.Tests.csproj" />
  </Folder>
  <Project Path="MyOnlineShop/MyOnlineShop.csproj" />
  <Folder Name="/BuildingBlocks/">
    <Project Path="src/BuildingBlocks/Abstractions/MyOnlineShop.BuildingBlocks.Abstractions.csproj" />
    <Project Path="src/BuildingBlocks/Infrastructure/MyOnlineShop.BuildingBlocks.Infrastructure.csproj" />
  </Folder>
</Solution>
 
